
Microsoft Visual Studio Solution File, Format Version 12.00
# Visual Studio Version 17
VisualStudioVersion = 17.4.33205.214
MinimumVisualStudioVersion = 10.0.40219.1
Project("{FAE04EC0-301F-11D3-BF4B-00C04F79EFBC}") = "Log_Analyzer", "Log_Analyzer\Log_Analyzer.csproj", "{BA752BBF-1A7D-4359-9F7A-D12695C74F30}"
EndProject
Global
	GlobalSection(SolutionConfigurationPlatforms) = preSolution
		Debug|Any CPU = Debug|Any CPU
		Release|Any CPU = Release|Any CPU
	EndGlobalSection
	GlobalSection(ProjectConfigurationPlatforms) = postSolution
		{BA752BBF-1A7D-4359-9F7A-D12695C74F30}.Debug|Any CPU.ActiveCfg = Debug|Any CPU
		{BA752BBF-1A7D-4359-9F7A-D12695C74F30}.Debug|Any CPU.Build.0 = Debug|Any CPU
		{BA752BBF-1A7D-4359-9F7A-D12695C74F30}.Release|Any CPU.ActiveCfg = Release|Any CPU
		{BA752BBF-1A7D-4359-9F7A-D12695C74F30}.Release|Any CPU.Build.0 = Release|Any CPU
	EndGlobalSection
	GlobalSection(SolutionProperties) = preSolution
		HideSolutionNode = FALSE
	EndGlobalSection
	GlobalSection(ExtensibilityGlobals) = postSolution
		SolutionGuid = {12A5C2F1-ACBB-486D-A088-5D789B8AEA57}
	EndGlobalSection
EndGlobal
